{
  "name": "ontrack",
  "version": "1.0.0",
  "lockfileVersion": 2,
  "requires": true,
  "packages": {
    "": {
      "name": "ontrack",
      "version": "1.0.0",
      "license": "ISC",
      "dependencies": {
        "oracledb": "^6.1.0"
      }
    },
    "node_modules/oracledb": {
      "version": "6.1.0",
      "resolved": "https://registry.npmjs.org/oracledb/-/oracledb-6.1.0.tgz",
      "integrity": "sha512-0mQ5d7DTgz18SjHMksPT0DT/jhIbbdtncDd8M+xxU6lrdlePqdS/tMGlphDcGKKtCDXG42aOf/leS007q7s+ew==",
      "hasInstallScript": true,
      "engines": {
        "node": ">=14.6"
      }
    }
  },
  "dependencies": {
    "oracledb": {
      "version": "6.1.0",
      "resolved": "https://registry.npmjs.org/oracledb/-/oracledb-6.1.0.tgz",
      "integrity": "sha512-0mQ5d7DTgz18SjHMksPT0DT/jhIbbdtncDd8M+xxU6lrdlePqdS/tMGlphDcGKKtCDXG42aOf/leS007q7s+ew=="
    }
  }
}
